
Microsoft Visual Studio Solution File, Format Version 12.00
Project("{2150E333-8FDC-42A3-9474-1A3956D46DE8}") = "mods", "mods", "{CA5A4B41-061F-4492-A2D8-2D8E61D2A8B2}"
EndProject
Project("{FAE04EC0-301F-11D3-BF4B-00C04F79EFBC}") = "EternalHoney", "mods\EternalHoney\EternalHoney.csproj", "{89D42127-A491-4873-93A2-E84596CB5998}"
EndProject
Project("{FAE04EC0-301F-11D3-BF4B-00C04F79EFBC}") = "GolfTracker", "mods\GolfTracker\GolfTracker.csproj", "{CDBCB8C1-5E6B-48EC-9199-961A1EB8C8B4}"
EndProject
Project("{2150E333-8FDC-42A3-9474-1A3956D46DE8}") = "backend", "backend", "{05A3B462-18A9-42D1-9470-2B7DF23D1FDB}"
EndProject
Project("{FAE04EC0-301F-11D3-BF4B-00C04F79EFBC}") = "GolfStats.Api", "backend\GolfStats.Api\GolfStats.Api.csproj", "{72D33EDB-D383-40EA-BCCD-B72D6905547D}"
EndProject
Global
	GlobalSection(SolutionConfigurationPlatforms) = preSolution
		Debug|Any CPU = Debug|Any CPU
		Release|Any CPU = Release|Any CPU
	EndGlobalSection
	GlobalSection(ProjectConfigurationPlatforms) = postSolution
		{89D42127-A491-4873-93A2-E84596CB5998}.Debug|Any CPU.ActiveCfg = Debug|Any CPU
		{89D42127-A491-4873-93A2-E84596CB5998}.Debug|Any CPU.Build.0 = Debug|Any CPU
		{89D42127-A491-4873-93A2-E84596CB5998}.Release|Any CPU.ActiveCfg = Release|Any CPU
		{89D42127-A491-4873-93A2-E84596CB5998}.Release|Any CPU.Build.0 = Release|Any CPU
		{CDBCB8C1-5E6B-48EC-9199-961A1EB8C8B4}.Debug|Any CPU.ActiveCfg = Debug|Any CPU
		{CDBCB8C1-5E6B-48EC-9199-961A1EB8C8B4}.Debug|Any CPU.Build.0 = Debug|Any CPU
		{CDBCB8C1-5E6B-48EC-9199-961A1EB8C8B4}.Release|Any CPU.ActiveCfg = Release|Any CPU
		{CDBCB8C1-5E6B-48EC-9199-961A1EB8C8B4}.Release|Any CPU.Build.0 = Release|Any CPU
		{72D33EDB-D383-40EA-BCCD-B72D6905547D}.Debug|Any CPU.ActiveCfg = Debug|Any CPU
		{72D33EDB-D383-40EA-BCCD-B72D6905547D}.Debug|Any CPU.Build.0 = Debug|Any CPU
		{72D33EDB-D383-40EA-BCCD-B72D6905547D}.Release|Any CPU.ActiveCfg = Release|Any CPU
		{72D33EDB-D383-40EA-BCCD-B72D6905547D}.Release|Any CPU.Build.0 = Release|Any CPU
	EndGlobalSection
	GlobalSection(NestedProjects) = preSolution
		{89D42127-A491-4873-93A2-E84596CB5998} = {CA5A4B41-061F-4492-A2D8-2D8E61D2A8B2}
		{CDBCB8C1-5E6B-48EC-9199-961A1EB8C8B4} = {CA5A4B41-061F-4492-A2D8-2D8E61D2A8B2}
		{72D33EDB-D383-40EA-BCCD-B72D6905547D} = {05A3B462-18A9-42D1-9470-2B7DF23D1FDB}
	EndGlobalSection
EndGlobal
